
Microsoft Visual Studio Solution File, Format Version 12.00
# Visual Studio Version 17
VisualStudioVersion = 17.7.34003.232
MinimumVisualStudioVersion = 10.0.40219.1
Project("{FAE04EC0-301F-11D3-BF4B-00C04F79EFBC}") = "PickRandomCards", "PickRandomCards\PickRandomCards.csproj", "{6806C0D7-0C97-406D-B3AA-0972ECB1398B}"
EndProject
Global
	GlobalSection(SolutionConfigurationPlatforms) = preSolution
		Debug|Any CPU = Debug|Any CPU
		Release|Any CPU = Release|Any CPU
	EndGlobalSection
	GlobalSection(ProjectConfigurationPlatforms) = postSolution
		{6806C0D7-0C97-406D-B3AA-0972ECB1398B}.Debug|Any CPU.ActiveCfg = Debug|Any CPU
		{6806C0D7-0C97-406D-B3AA-0972ECB1398B}.Debug|Any CPU.Build.0 = Debug|Any CPU
		{6806C0D7-0C97-406D-B3AA-0972ECB1398B}.Release|Any CPU.ActiveCfg = Release|Any CPU
		{6806C0D7-0C97-406D-B3AA-0972ECB1398B}.Release|Any CPU.Build.0 = Release|Any CPU
	EndGlobalSection
	GlobalSection(SolutionProperties) = preSolution
		HideSolutionNode = FALSE
	EndGlobalSection
	GlobalSection(ExtensibilityGlobals) = postSolution
		SolutionGuid = {51D15B34-1814-4F35-89BD-4E1684C421BC}
	EndGlobalSection
EndGlobal
